// !$*UTF8*$!
{
	archiveVersion = 1;
	classes = {
	};
	objectVersion = 50;
	objects = {

/* Begin PBXBuildFile section */
		AAB00F5126A116DC00D3366E /* AppDelegate.swift in Sources */ = {isa = PBXBuildFile; fileRef = AAB00F5026A116DC00D3366E /* AppDelegate.swift */; };
		AAB00F5326A116DC00D3366E /* SceneDelegate.swift in Sources */ = {isa = PBXBuildFile; fileRef = AAB00F5226A116DC00D3366E /* SceneDelegate.swift */; };
		AAB00F5526A116DC00D3366E /* ViewController.swift in Sources */ = {isa = PBXBuildFile; fileRef = AAB00F5426A116DC00D3366E /* ViewController.swift */; };
		AAB00F5826A116DC00D3366E /* Main.storyboard in Resources */ = {isa = PBXBuildFile; fileRef = AAB00F5626A116DC00D3366E /* Main.storyboard */; };
		AAB00F5B26A116DC00D3366E /* MiniProject2.xcdatamodeld in Sources */ = {isa = PBXBuildFile; fileRef = AAB00F5926A116DC00D3366E /* MiniProject2.xcdatamodeld */; };
		AAB00F5D26A116DE00D3366E /* Assets.xcassets in Resources */ = {isa = PBXBuildFile; fileRef = AAB00F5C26A116DE00D3366E /* Assets.xcassets */; };
		AAB00F6026A116DE00D3366E /* LaunchScreen.storyboard in Resources */ = {isa = PBXBuildFile; fileRef = AAB00F5E26A116DE00D3366E /* LaunchScreen.storyboard */; };
		AAB00F6B26A116DE00D3366E /* MiniProject2Tests.swift in Sources */ = {isa = PBXBuildFile; fileRef = AAB00F6A26A116DE00D3366E /* MiniProject2Tests.swift */; };
		AAB00F7626A116DF00D3366E /* MiniProject2UITests.swift in Sources */ = {isa = PBXBuildFile; fileRef = AAB00F7526A116DF00D3366E /* MiniProject2UITests.swift */; };
/* End PBXBuildFile section */

/* Begin PBXContainerItemProxy section */
		AAB00F6726A116DE00D3366E /* PBXContainerItemProxy */ = {
			isa = PBXContainerItemProxy;
			containerPortal = AAB00F4526A116DC00D3366E /* Project object */;
			proxyType = 1;
			remoteGlobalIDString = AAB00F4C26A116DC00D3366E;
			remoteInfo = MiniProject2;
		};
		AAB00F7226A116DF00D3366E /* PBXContainerItemProxy */ = {
			isa = PBXContainerItemProxy;
			containerPortal = AAB00F4526A116DC00D3366E /* Project object */;
			proxyType = 1;
			remoteGlobalIDString = AAB00F4C26A116DC00D3366E;
			remoteInfo = MiniProject2;
		};
/* End PBXContainerItemProxy section */

/* Begin PBXFileReference section */
		AAB00F4D26A116DC00D3366E /* MiniProject2.app */ = {isa = PBXFileReference; explicitFileType = wrapper.application; includeInIndex = 0; path = MiniProject2.app; sourceTree = BUILT_PRODUCTS_DIR; };
		AAB00F5026A116DC00D3366E /* AppDelegate.swift */ = {isa = PBXFileReference; lastKnownFileType = sourcecode.swift; path = AppDelegate.swift; sourceTree = "<group>"; };
		AAB00F5226A116DC00D3366E /* SceneDelegate.swift */ = {isa = PBXFileReference; lastKnownFileType = sourcecode.swift; path = SceneDelegate.swift; sourceTree = "<group>"; };
		AAB00F5426A116DC00D3366E /* ViewController.swift */ = {isa = PBXFileReference; lastKnownFileType = sourcecode.swift; path = ViewController.swift; sourceTree = "<group>"; };
		AAB00F5726A116DC00D3366E /* Base */ = {isa = PBXFileReference; lastKnownFileType = file.storyboard; name = Base; path = Base.lproj/Main.storyboard; sourceTree = "<group>"; };
		AAB00F5A26A116DC00D3366E /* MiniProject2.xcdatamodel */ = {isa = PBXFileReference; lastKnownFileType = wrapper.xcdatamodel; path = MiniProject2.xcdatamodel; sourceTree = "<group>"; };
		AAB00F5C26A116DE00D3366E /* Assets.xcassets */ = {isa = PBXFileReference; lastKnownFileType = folder.assetcatalog; path = Assets.xcassets; sourceTree = "<group>"; };
		AAB00F5F26A116DE00D3366E /* Base */ = {isa = PBXFileReference; lastKnownFileType = file.storyboard; name = Base; path = Base.lproj/LaunchScreen.storyboard; sourceTree = "<group>"; };
		AAB00F6126A116DE00D3366E /* Info.plist */ = {isa = PBXFileReference; lastKnownFileType = text.plist.xml; path = Info.plist; sourceTree = "<group>"; };
		AAB00F6626A116DE00D3366E /* MiniProject2Tests.xctest */ = {isa = PBXFileReference; explicitFileType = wrapper.cfbundle; includeInIndex = 0; path = MiniProject2Tests.xctest; sourceTree = BUILT_PRODUCTS_DIR; };
		AAB00F6A26A116DE00D3366E /* MiniProject2Tests.swift */ = {isa = PBXFileReference; lastKnownFileType = sourcecode.swift; path = MiniProject2Tests.swift; sourceTree = "<group>"; };
		AAB00F6C26A116DE00D3366E /* Info.plist */ = {isa = PBXFileReference; lastKnownFileType = text.plist.xml; path = Info.plist; sourceTree = "<group>"; };
		AAB00F7126A116DE00D3366E /* MiniProject2UITests.xctest */ = {isa = PBXFileReference; explicitFileType = wrapper.cfbundle; includeInIndex = 0; path = MiniProject2UITests.xctest; sourceTree = BUILT_PRODUCTS_DIR; };
		AAB00F7526A116DF00D3366E /* MiniProject2UITests.swift */ = {isa = PBXFileReference; lastKnownFileType = sourcecode.swift; path = MiniProject2UITests.swift; sourceTree = "<group>"; };
		AAB00F7726A116DF00D3366E /* Info.plist */ = {isa = PBXFileReference; lastKnownFileType = text.plist.xml; path = Info.plist; sourceTree = "<group>"; };
/* End PBXFileReference section */

/* Begin PBXFrameworksBuildPhase section */
		AAB00F4A26A116DC00D3366E /* Frameworks */ = {
			isa = PBXFrameworksBuildPhase;
			buildActionMask = 2147483647;
			files = (
			);
			runOnlyForDeploymentPostprocessing = 0;
		};
		AAB00F6326A116DE00D3366E /* Frameworks */ = {
			isa = PBXFrameworksBuildPhase;
			buildActionMask = 2147483647;
			files = (
			);
			runOnlyForDeploymentPostprocessing = 0;
		};
		AAB00F6E26A116DE00D3366E /* Frameworks */ = {
			isa = PBXFrameworksBuildPhase;
			buildActionMask = 2147483647;
			files = (
			);
			runOnlyForDeploymentPostprocessing = 0;
		};
/* End PBXFrameworksBuildPhase section */

/* Begin PBXGroup section */
		AAB00F4426A116DC00D3366E = {
			isa = PBXGroup;
			children = (
				AAB00F4F26A116DC00D3366E /* MiniProject2 */,
				AAB00F6926A116DE00D3366E /* MiniProject2Tests */,
				AAB00F7426A116DF00D3366E /* MiniProject2UITests */,
				AAB00F4E26A116DC00D3366E /* Products */,
			);
			sourceTree = "<group>";
		};
		AAB00F4E26A116DC00D3366E /* Products */ = {
			isa = PBXGroup;
			children = (
				AAB00F4D26A116DC00D3366E /* MiniProject2.app */,
				AAB00F6626A116DE00D3366E /* MiniProject2Tests.xctest */,
				AAB00F7126A116DE00D3366E /* MiniProject2UITests.xctest */,
			);
			name = Products;
			sourceTree = "<group>";
		};
		AAB00F4F26A116DC00D3366E /* MiniProject2 */ = {
			isa = PBXGroup;
			children = (
				AAB00F5026A116DC00D3366E /* AppDelegate.swift */,
				AAB00F5226A116DC00D3366E /* SceneDelegate.swift */,
				AAB00F5426A116DC00D3366E /* ViewController.swift */,
				AAB00F5626A116DC00D3366E /* Main.storyboard */,
				AAB00F5C26A116DE00D3366E /* Assets.xcassets */,
				AAB00F5E26A116DE00D3366E /* LaunchScreen.storyboard */,
				AAB00F6126A116DE00D3366E /* Info.plist */,
				AAB00F5926A116DC00D3366E /* MiniProject2.xcdatamodeld */,
			);
			path = MiniProject2;
			sourceTree = "<group>";
		};
		AAB00F6926A116DE00D3366E /* MiniProject2Tests */ = {
			isa = PBXGroup;
			children = (
				AAB00F6A26A116DE00D3366E /* MiniProject2Tests.swift */,
				AAB00F6C26A116DE00D3366E /* Info.plist */,
			);
			path = MiniProject2Tests;
			sourceTree = "<group>";
		};
		AAB00F7426A116DF00D3366E /* MiniProject2UITests */ = {
			isa = PBXGroup;
			children = (
				AAB00F7526A116DF00D3366E /* MiniProject2UITests.swift */,
				AAB00F7726A116DF00D3366E /* Info.plist */,
			);
			path = MiniProject2UITests;
			sourceTree = "<group>";
		};
/* End PBXGroup section */

/* Begin PBXNativeTarget section */
		AAB00F4C26A116DC00D3366E /* MiniProject2 */ = {
			isa = PBXNativeTarget;
			buildConfigurationList = AAB00F7A26A116DF00D3366E /* Build configuration list for PBXNativeTarget "MiniProject2" */;
			buildPhases = (
				AAB00F4926A116DC00D3366E /* Sources */,
				AAB00F4A26A116DC00D3366E /* Frameworks */,
				AAB00F4B26A116DC00D3366E /* Resources */,
			);
			buildRules = (
			);
			dependencies = (
			);
			name = MiniProject2;
			productName = MiniProject2;
			productReference = AAB00F4D26A116DC00D3366E /* MiniProject2.app */;
			productType = "com.apple.product-type.application";
		};
		AAB00F6526A116DE00D3366E /* MiniProject2Tests */ = {
			isa = PBXNativeTarget;
			buildConfigurationList = AAB00F7D26A116DF00D3366E /* Build configuration list for PBXNativeTarget "MiniProject2Tests" */;
			buildPhases = (
				AAB00F6226A116DE00D3366E /* Sources */,
				AAB00F6326A116DE00D3366E /* Frameworks */,
				AAB00F6426A116DE00D3366E /* Resources */,
			);
			buildRules = (
			);
			dependencies = (
				AAB00F6826A116DE00D3366E /* PBXTargetDependency */,
			);
			name = MiniProject2Tests;
			productName = MiniProject2Tests;
			productReference = AAB00F6626A116DE00D3366E /* MiniProject2Tests.xctest */;
			productType = "com.apple.product-type.bundle.unit-test";
		};
		AAB00F7026A116DE00D3366E /* MiniProject2UITests */ = {
			isa = PBXNativeTarget;
			buildConfigurationList = AAB00F8026A116DF00D3366E /* Build configuration list for PBXNativeTarget "MiniProject2UITests" */;
			buildPhases = (
				AAB00F6D26A116DE00D3366E /* Sources */,
				AAB00F6E26A116DE00D3366E /* Frameworks */,
				AAB00F6F26A116DE00D3366E /* Resources */,
			);
			buildRules = (
			);
			dependencies = (
				AAB00F7326A116DF00D3366E /* PBXTargetDependency */,
			);
			name = MiniProject2UITests;
			productName = MiniProject2UITests;
			productReference = AAB00F7126A116DE00D3366E /* MiniProject2UITests.xctest */;
			productType = "com.apple.product-type.bundle.ui-testing";
		};
/* End PBXNativeTarget section */

/* Begin PBXProject section */
		AAB00F4526A116DC00D3366E /* Project object */ = {
			isa = PBXProject;
			attributes = {
				LastSwiftUpdateCheck = 1250;
				LastUpgradeCheck = 1250;
				TargetAttributes = {
					AAB00F4C26A116DC00D3366E = {
						CreatedOnToolsVersion = 12.5.1;
					};
					AAB00F6526A116DE00D3366E = {
						CreatedOnToolsVersion = 12.5.1;
						TestTargetID = AAB00F4C26A116DC00D3366E;
					};
					AAB00F7026A116DE00D3366E = {
						CreatedOnToolsVersion = 12.5.1;
						TestTargetID = AAB00F4C26A116DC00D3366E;
					};
				};
			};
			buildConfigurationList = AAB00F4826A116DC00D3366E /* Build configuration list for PBXProject "MiniProject2" */;
			compatibilityVersion = "Xcode 9.3";
			developmentRegion = en;
			hasScannedForEncodings = 0;
			knownRegions = (
				en,
				Base,
			);
			mainGroup = AAB00F4426A116DC00D3366E;
			productRefGroup = AAB00F4E26A116DC00D3366E /* Products */;
			projectDirPath = "";
			projectRoot = "";
			targets = (
				AAB00F4C26A116DC00D3366E /* MiniProject2 */,
				AAB00F6526A116DE00D3366E /* MiniProject2Tests */,
				AAB00F7026A116DE00D3366E /* MiniProject2UITests */,
			);
		};
/* End PBXProject section */

/* Begin PBXResourcesBuildPhase section */
		AAB00F4B26A116DC00D3366E /* Resources */ = {
			isa = PBXResourcesBuildPhase;
			buildActionMask = 2147483647;
			files = (
				AAB00F6026A116DE00D3366E /* LaunchScreen.storyboard in Resources */,
				AAB00F5D26A116DE00D3366E /* Assets.xcassets in Resources */,
				AAB00F5826A116DC00D3366E /* Main.storyboard in Resources */,
			);
			runOnlyForDeploymentPostprocessing = 0;
		};
		AAB00F6426A116DE00D3366E /* Resources */ = {
			isa = PBXResourcesBuildPhase;
			buildActionMask = 2147483647;
			files = (
			);
			runOnlyForDeploymentPostprocessing = 0;
		};
		AAB00F6F26A116DE00D3366E /* Resources */ = {
			isa = PBXResourcesBuildPhase;
			buildActionMask = 2147483647;
			files = (
			);
			runOnlyForDeploymentPostprocessing = 0;
		};
/* End PBXResourcesBuildPhase section */

/* Begin PBXSourcesBuildPhase section */
		AAB00F4926A116DC00D3366E /* Sources */ = {
			isa = PBXSourcesBuildPhase;
			buildActionMask = 2147483647;
			files = (
				AAB00F5526A116DC00D3366E /* ViewController.swift in Sources */,
				AAB00F5126A116DC00D3366E /* AppDelegate.swift in Sources */,
				AAB00F5326A116DC00D3366E /* SceneDelegate.swift in Sources */,
				AAB00F5B26A116DC00D3366E /* MiniProject2.xcdatamodeld in Sources */,
			);
			runOnlyForDeploymentPostprocessing = 0;
		};
		AAB00F6226A116DE00D3366E /* Sources */ = {
			isa = PBXSourcesBuildPhase;
			buildActionMask = 2147483647;
			files = (
				AAB00F6B26A116DE00D3366E /* MiniProject2Tests.swift in Sources */,
			);
			runOnlyForDeploymentPostprocessing = 0;
		};
		AAB00F6D26A116DE00D3366E /* Sources */ = {
			isa = PBXSourcesBuildPhase;
			buildActionMask = 2147483647;
			files = (
				AAB00F7626A116DF00D3366E /* MiniProject2UITests.swift in Sources */,
			);
			runOnlyForDeploymentPostprocessing = 0;
		};
/* End PBXSourcesBuildPhase section */

/* Begin PBXTargetDependency section */
		AAB00F6826A116DE00D3366E /* PBXTargetDependency */ = {
			isa = PBXTargetDependency;
			target = AAB00F4C26A116DC00D3366E /* MiniProject2 */;
			targetProxy = AAB00F6726A116DE00D3366E /* PBXContainerItemProxy */;
		};
		AAB00F7326A116DF00D3366E /* PBXTargetDependency */ = {
			isa = PBXTargetDependency;
			target = AAB00F4C26A116DC00D3366E /* MiniProject2 */;
			targetProxy = AAB00F7226A116DF00D3366E /* PBXContainerItemProxy */;
		};
/* End PBXTargetDependency section */

/* Begin PBXVariantGroup section */
		AAB00F5626A116DC00D3366E /* Main.storyboard */ = {
			isa = PBXVariantGroup;
			children = (
				AAB00F5726A116DC00D3366E /* Base */,
			);
			name = Main.storyboard;
			sourceTree = "<group>";
		};
		AAB00F5E26A116DE00D3366E /* LaunchScreen.storyboard */ = {
			isa = PBXVariantGroup;
			children = (
				AAB00F5F26A116DE00D3366E /* Base */,
			);
			name = LaunchScreen.storyboard;
			sourceTree = "<group>";
		};
/* End PBXVariantGroup section */

/* Begin XCBuildConfiguration section */
		AAB00F7826A116DF00D3366E /* Debug */ = {
			isa = XCBuildConfiguration;
			buildSettings = {
				ALWAYS_SEARCH_USER_PATHS = NO;
				CLANG_ANALYZER_NONNULL = YES;
				CLANG_ANALYZER_NUMBER_OBJECT_CONVERSION = YES_AGGRESSIVE;
				CLANG_CXX_LANGUAGE_STANDARD = "gnu++14";
				CLANG_CXX_LIBRARY = "libc++";
				CLANG_ENABLE_MODULES = YES;
				CLANG_ENABLE_OBJC_ARC = YES;
				CLANG_ENABLE_OBJC_WEAK = YES;
				CLANG_WARN_BLOCK_CAPTURE_AUTORELEASING = YES;
				CLANG_WARN_BOOL_CONVERSION = YES;
				CLANG_WARN_COMMA = YES;
				CLANG_WARN_CONSTANT_CONVERSION = YES;
				CLANG_WARN_DEPRECATED_OBJC_IMPLEMENTATIONS = YES;
				CLANG_WARN_DIRECT_OBJC_ISA_USAGE = YES_ERROR;
				CLANG_WARN_DOCUMENTATION_COMMENTS = YES;
				CLANG_WARN_EMPTY_BODY = YES;
				CLANG_WARN_ENUM_CONVERSION = YES;
				CLANG_WARN_INFINITE_RECURSION = YES;
				CLANG_WARN_INT_CONVERSION = YES;
				CLANG_WARN_NON_LITERAL_NULL_CONVERSION = YES;
				CLANG_WARN_OBJC_IMPLICIT_RETAIN_SELF = YES;
				CLANG_WARN_OBJC_LITERAL_CONVERSION = YES;
				CLANG_WARN_OBJC_ROOT_CLASS = YES_ERROR;
				CLANG_WARN_QUOTED_INCLUDE_IN_FRAMEWORK_HEADER = YES;
				CLANG_WARN_RANGE_LOOP_ANALYSIS = YES;
				CLANG_WARN_STRICT_PROTOTYPES = YES;
				CLANG_WARN_SUSPICIOUS_MOVE = YES;
				CLANG_WARN_UNGUARDED_AVAILABILITY = YES_AGGRESSIVE;
				CLANG_WARN_UNREACHABLE_CODE = YES;
				CLANG_WARN__DUPLICATE_METHOD_MATCH = YES;
				COPY_PHASE_STRIP = NO;
				DEBUG_INFORMATION_FORMAT = dwarf;
				ENABLE_STRICT_OBJC_MSGSEND = YES;
				ENABLE_TESTABILITY = YES;
				GCC_C_LANGUAGE_STANDARD = gnu11;
				GCC_DYNAMIC_NO_PIC = NO;
				GCC_NO_COMMON_BLOCKS = YES;
				GCC_OPTIMIZATION_LEVEL = 0;
				GCC_PREPROCESSOR_DEFINITIONS = (
					"DEBUG=1",
					"$(inherited)",
				);
				GCC_WARN_64_TO_32_BIT_CONVERSION = YES;
				GCC_WARN_ABOUT_RETURN_TYPE = YES_ERROR;
				GCC_WARN_UNDECLARED_SELECTOR = YES;
				GCC_WARN_UNINITIALIZED_AUTOS = YES_AGGRESSIVE;
				GCC_WARN_UNUSED_FUNCTION = YES;
				GCC_WARN_UNUSED_VARIABLE = YES;
				IPHONEOS_DEPLOYMENT_TARGET = 14.5;
				MTL_ENABLE_DEBUG_INFO = INCLUDE_SOURCE;
				MTL_FAST_MATH = YES;
				ONLY_ACTIVE_ARCH = YES;
				SDKROOT = iphoneos;
				SWIFT_ACTIVE_COMPILATION_CONDITIONS = DEBUG;
				SWIFT_OPTIMIZATION_LEVEL = "-Onone";
			};
			name = Debug;
		};
		AAB00F7926A116DF00D3366E /* Release */ = {
			isa = XCBuildConfiguration;
			buildSettings = {
				ALWAYS_SEARCH_USER_PATHS = NO;
				CLANG_ANALYZER_NONNULL = YES;
				CLANG_ANALYZER_NUMBER_OBJECT_CONVERSION = YES_AGGRESSIVE;
				CLANG_CXX_LANGUAGE_STANDARD = "gnu++14";
				CLANG_CXX_LIBRARY = "libc++";
				CLANG_ENABLE_MODULES = YES;
				CLANG_ENABLE_OBJC_ARC = YES;
				CLANG_ENABLE_OBJC_WEAK = YES;
				CLANG_WARN_BLOCK_CAPTURE_AUTORELEASING = YES;
				CLANG_WARN_BOOL_CONVERSION = YES;
				CLANG_WARN_COMMA = YES;
				CLANG_WARN_CONSTANT_CONVERSION = YES;
				CLANG_WARN_DEPRECATED_OBJC_IMPLEMENTATIONS = YES;
				CLANG_WARN_DIRECT_OBJC_ISA_USAGE = YES_ERROR;
				CLANG_WARN_DOCUMENTATION_COMMENTS = YES;
				CLANG_WARN_EMPTY_BODY = YES;
				CLANG_WARN_ENUM_CONVERSION = YES;
				CLANG_WARN_INFINITE_RECURSION = YES;
				CLANG_WARN_INT_CONVERSION = YES;
				CLANG_WARN_NON_LITERAL_NULL_CONVERSION = YES;
				CLANG_WARN_OBJC_IMPLICIT_RETAIN_SELF = YES;
				CLANG_WARN_OBJC_LITERAL_CONVERSION = YES;
				CLANG_WARN_OBJC_ROOT_CLASS = YES_ERROR;
				CLANG_WARN_QUOTED_INCLUDE_IN_FRAMEWORK_HEADER = YES;
				CLANG_WARN_RANGE_LOOP_ANALYSIS = YES;
				CLANG_WARN_STRICT_PROTOTYPES = YES;
				CLANG_WARN_SUSPICIOUS_MOVE = YES;
				CLANG_WARN_UNGUARDED_AVAILABILITY = YES_AGGRESSIVE;
				CLANG_WARN_UNREACHABLE_CODE = YES;
				CLANG_WARN__DUPLICATE_METHOD_MATCH = YES;
				COPY_PHASE_STRIP = NO;
				DEBUG_INFORMATION_FORMAT = "dwarf-with-dsym";
				ENABLE_NS_ASSERTIONS = NO;
				ENABLE_STRICT_OBJC_MSGSEND = YES;
				GCC_C_LANGUAGE_STANDARD = gnu11;
				GCC_NO_COMMON_BLOCKS = YES;
				GCC_WARN_64_TO_32_BIT_CONVERSION = YES;
				GCC_WARN_ABOUT_RETURN_TYPE = YES_ERROR;
				GCC_WARN_UNDECLARED_SELECTOR = YES;
				GCC_WARN_UNINITIALIZED_AUTOS = YES_AGGRESSIVE;
				GCC_WARN_UNUSED_FUNCTION = YES;
				GCC_WARN_UNUSED_VARIABLE = YES;
				IPHONEOS_DEPLOYMENT_TARGET = 14.5;
				MTL_ENABLE_DEBUG_INFO = NO;
				MTL_FAST_MATH = YES;
				SDKROOT = iphoneos;
				SWIFT_COMPILATION_MODE = wholemodule;
				SWIFT_OPTIMIZATION_LEVEL = "-O";
				VALIDATE_PRODUCT = YES;
			};
			name = Release;
		};
		AAB00F7B26A116DF00D3366E /* Debug */ = {
			isa = XCBuildConfiguration;
			buildSettings = {
				ASSETCATALOG_COMPILER_APPICON_NAME = AppIcon;
				ASSETCATALOG_COMPILER_GLOBAL_ACCENT_COLOR_NAME = AccentColor;
				CODE_SIGN_STYLE = Automatic;
				INFOPLIST_FILE = MiniProject2/Info.plist;
				LD_RUNPATH_SEARCH_PATHS = (
					"$(inherited)",
					"@executable_path/Frameworks",
				);
				PRODUCT_BUNDLE_IDENTIFIER = "kwk-2021.MiniProject2";
				PRODUCT_NAME = "$(TARGET_NAME)";
				SWIFT_VERSION = 5.0;
				TARGETED_DEVICE_FAMILY = "1,2";
			};
			name = Debug;
		};
		AAB00F7C26A116DF00D3366E /* Release */ = {
			isa = XCBuildConfiguration;
			buildSettings = {
				ASSETCATALOG_COMPILER_APPICON_NAME = AppIcon;
				ASSETCATALOG_COMPILER_GLOBAL_ACCENT_COLOR_NAME = AccentColor;
				CODE_SIGN_STYLE = Automatic;
				INFOPLIST_FILE = MiniProject2/Info.plist;
				LD_RUNPATH_SEARCH_PATHS = (
					"$(inherited)",
					"@executable_path/Frameworks",
				);
				PRODUCT_BUNDLE_IDENTIFIER = "kwk-2021.MiniProject2";
				PRODUCT_NAME = "$(TARGET_NAME)";
				SWIFT_VERSION = 5.0;
				TARGETED_DEVICE_FAMILY = "1,2";
			};
			name = Release;
		};
		AAB00F7E26A116DF00D3366E /* Debug */ = {
			isa = XCBuildConfiguration;
			buildSettings = {
				ALWAYS_EMBED_SWIFT_STANDARD_LIBRARIES = YES;
				BUNDLE_LOADER = "$(TEST_HOST)";
				CODE_SIGN_STYLE = Automatic;
				INFOPLIST_FILE = MiniProject2Tests/Info.plist;
				IPHONEOS_DEPLOYMENT_TARGET = 14.5;
				LD_RUNPATH_SEARCH_PATHS = (
					"$(inherited)",
					"@executable_path/Frameworks",
					"@loader_path/Frameworks",
				);
				PRODUCT_BUNDLE_IDENTIFIER = "kwk-2021.MiniProject2Tests";
				PRODUCT_NAME = "$(TARGET_NAME)";
				SWIFT_VERSION = 5.0;
				TARGETED_DEVICE_FAMILY = "1,2";
				TEST_HOST = "$(BUILT_PRODUCTS_DIR)/MiniProject2.app/MiniProject2";
			};
			name = Debug;
		};
		AAB00F7F26A116DF00D3366E /* Release */ = {
			isa = XCBuildConfiguration;
			buildSettings = {
				ALWAYS_EMBED_SWIFT_STANDARD_LIBRARIES = YES;
				BUNDLE_LOADER = "$(TEST_HOST)";
				CODE_SIGN_STYLE = Automatic;
				INFOPLIST_FILE = MiniProject2Tests/Info.plist;
				IPHONEOS_DEPLOYMENT_TARGET = 14.5;
				LD_RUNPATH_SEARCH_PATHS = (
					"$(inherited)",
					"@executable_path/Frameworks",
					"@loader_path/Frameworks",
				);
				PRODUCT_BUNDLE_IDENTIFIER = "kwk-2021.MiniProject2Tests";
				PRODUCT_NAME = "$(TARGET_NAME)";
				SWIFT_VERSION = 5.0;
				TARGETED_DEVICE_FAMILY = "1,2";
				TEST_HOST = "$(BUILT_PRODUCTS_DIR)/MiniProject2.app/MiniProject2";
			};
			name = Release;
		};
		AAB00F8126A116DF00D3366E /* Debug */ = {
			isa = XCBuildConfiguration;
			buildSettings = {
				ALWAYS_EMBED_SWIFT_STANDARD_LIBRARIES = YES;
				CODE_SIGN_STYLE = Automatic;
				INFOPLIST_FILE = MiniProject2UITests/Info.plist;
				LD_RUNPATH_SEARCH_PATHS = (
					"$(inherited)",
					"@executable_path/Frameworks",
					"@loader_path/Frameworks",
				);
				PRODUCT_BUNDLE_IDENTIFIER = "kwk-2021.MiniProject2UITests";
				PRODUCT_NAME = "$(TARGET_NAME)";
				SWIFT_VERSION = 5.0;
				TARGETED_DEVICE_FAMILY = "1,2";
				TEST_TARGET_NAME = MiniProject2;
			};
			name = Debug;
		};
		AAB00F8226A116DF00D3366E /* Release */ = {
			isa = XCBuildConfiguration;
			buildSettings = {
				ALWAYS_EMBED_SWIFT_STANDARD_LIBRARIES = YES;
				CODE_SIGN_STYLE = Automatic;
				INFOPLIST_FILE = MiniProject2UITests/Info.plist;
				LD_RUNPATH_SEARCH_PATHS = (
					"$(inherited)",
					"@executable_path/Frameworks",
					"@loader_path/Frameworks",
				);
				PRODUCT_BUNDLE_IDENTIFIER = "kwk-2021.MiniProject2UITests";
				PRODUCT_NAME = "$(TARGET_NAME)";
				SWIFT_VERSION = 5.0;
				TARGETED_DEVICE_FAMILY = "1,2";
				TEST_TARGET_NAME = MiniProject2;
			};
			name = Release;
		};
/* End XCBuildConfiguration section */

/* Begin XCConfigurationList section */
		AAB00F4826A116DC00D3366E /* Build configuration list for PBXProject "MiniProject2" */ = {
			isa = XCConfigurationList;
			buildConfigurations = (
				AAB00F7826A116DF00D3366E /* Debug */,
				AAB00F7926A116DF00D3366E /* Release */,
			);
			defaultConfigurationIsVisible = 0;
			defaultConfigurationName = Release;
		};
		AAB00F7A26A116DF00D3366E /* Build configuration list for PBXNativeTarget "MiniProject2" */ = {
			isa = XCConfigurationList;
			buildConfigurations = (
				AAB00F7B26A116DF00D3366E /* Debug */,
				AAB00F7C26A116DF00D3366E /* Release */,
			);
			defaultConfigurationIsVisible = 0;
			defaultConfigurationName = Release;
		};
		AAB00F7D26A116DF00D3366E /* Build configuration list for PBXNativeTarget "MiniProject2Tests" */ = {
			isa = XCConfigurationList;
			buildConfigurations = (
				AAB00F7E26A116DF00D3366E /* Debug */,
				AAB00F7F26A116DF00D3366E /* Release */,
			);
			defaultConfigurationIsVisible = 0;
			defaultConfigurationName = Release;
		};
		AAB00F8026A116DF00D3366E /* Build configuration list for PBXNativeTarget "MiniProject2UITests" */ = {
			isa = XCConfigurationList;
			buildConfigurations = (
				AAB00F8126A116DF00D3366E /* Debug */,
				AAB00F8226A116DF00D3366E /* Release */,
			);
			defaultConfigurationIsVisible = 0;
			defaultConfigurationName = Release;
		};
/* End XCConfigurationList section */

/* Begin XCVersionGroup section */
		AAB00F5926A116DC00D3366E /* MiniProject2.xcdatamodeld */ = {
			isa = XCVersionGroup;
			children = (
				AAB00F5A26A116DC00D3366E /* MiniProject2.xcdatamodel */,
			);
			currentVersion = AAB00F5A26A116DC00D3366E /* MiniProject2.xcdatamodel */;
			path = MiniProject2.xcdatamodeld;
			sourceTree = "<group>";
			versionGroupType = wrapper.xcdatamodel;
		};
/* End XCVersionGroup section */
	};
	rootObject = AAB00F4526A116DC00D3366E /* Project object */;
}
